[[package]]
name = "metaplex-nft-packs"
version = "0.1.0"
dependencies = [
 "borsh",
 "num-derive",
 "num-traits",
 "num_enum",
 "randomness-oracle-program",
 "solana-program",
 "solana-program-test",
 "solana-sdk",
 "spl-token",
 "spl-token-metadata",
 "thiserror",
]

[[package]]
name = "metaplex-tests"
version = "0.1.0"
dependencies = [
 "borsh",
 "metaplex-nft-packs",
 "num-traits",
 "randomness-oracle-program",
 "solana-program",
 "solana-program-test",
 "solana-sdk",
 "spl-token",
 "spl-token-metadata",
 "spl-token-vault",
]